
Microsoft Visual Studio Solution File, Format Version 12.00
# Visual Studio Version 16
VisualStudioVersion = 16.0.32126.315
MinimumVisualStudioVersion = 10.0.40219.1
Project("{FAE04EC0-301F-11D3-BF4B-00C04F79EFBC}") = "wpf_tcp_client", "wpf_tcp_client.csproj", "{7690972A-AE73-44EA-B3D5-EDEF004585AD}"
EndProject
Global
	GlobalSection(SolutionConfigurationPlatforms) = preSolution
		Debug|Any CPU = Debug|Any CPU
		Release|Any CPU = Release|Any CPU
	EndGlobalSection
	GlobalSection(ProjectConfigurationPlatforms) = postSolution
		{7690972A-AE73-44EA-B3D5-EDEF004585AD}.Debug|Any CPU.ActiveCfg = Debug|Any CPU
		{7690972A-AE73-44EA-B3D5-EDEF004585AD}.Debug|Any CPU.Build.0 = Debug|Any CPU
		{7690972A-AE73-44EA-B3D5-EDEF004585AD}.Release|Any CPU.ActiveCfg = Release|Any CPU
		{7690972A-AE73-44EA-B3D5-EDEF004585AD}.Release|Any CPU.Build.0 = Release|Any CPU
	EndGlobalSection
	GlobalSection(SolutionProperties) = preSolution
		HideSolutionNode = FALSE
	EndGlobalSection
	GlobalSection(ExtensibilityGlobals) = postSolution
		SolutionGuid = {9F881B95-57BA-46A9-9BF0-B4255621F333}
	EndGlobalSection
EndGlobal
